// !$*UTF8*$!
{
	archiveVersion = 1;
	classes = {
	};
	objectVersion = 46;
	objects = {

/* Begin PBXBuildFile section */
		CE57D72D19335571008F9903 /* STPImagierView.m in Sources */ = {isa = PBXBuildFile; fileRef = CE57D72C19335571008F9903 /* STPImagierView.m */; settings = {COMPILER_FLAGS = "-fno-objc-arc"; }; };
		CE57D73219335649008F9903 /* STPLayoutConstraintBuilder.m in Sources */ = {isa = PBXBuildFile; fileRef = CE57D72F19335649008F9903 /* STPLayoutConstraintBuilder.m */; };
		CE65E07519348BF400D3BBC7 /* photo-01.jpg in Resources */ = {isa = PBXBuildFile; fileRef = CE65E06119348BF400D3BBC7 /* photo-01.jpg */; };
		CE65E07619348BF400D3BBC7 /* photo-02.jpg in Resources */ = {isa = PBXBuildFile; fileRef = CE65E06219348BF400D3BBC7 /* photo-02.jpg */; };
		CE65E07719348BF400D3BBC7 /* photo-03.jpg in Resources */ = {isa = PBXBuildFile; fileRef = CE65E06319348BF400D3BBC7 /* photo-03.jpg */; };
		CE65E07819348BF400D3BBC7 /* photo-04.jpg in Resources */ = {isa = PBXBuildFile; fileRef = CE65E06419348BF400D3BBC7 /* photo-04.jpg */; };
		CE65E07919348BF400D3BBC7 /* photo-05.jpg in Resources */ = {isa = PBXBuildFile; fileRef = CE65E06519348BF400D3BBC7 /* photo-05.jpg */; };
		CE65E07A19348BF400D3BBC7 /* photo-06.jpg in Resources */ = {isa = PBXBuildFile; fileRef = CE65E06619348BF400D3BBC7 /* photo-06.jpg */; };
		CE65E07B19348BF400D3BBC7 /* photo-07.jpg in Resources */ = {isa = PBXBuildFile; fileRef = CE65E06719348BF400D3BBC7 /* photo-07.jpg */; };
		CE65E07C19348BF400D3BBC7 /* photo-08.jpg in Resources */ = {isa = PBXBuildFile; fileRef = CE65E06819348BF400D3BBC7 /* photo-08.jpg */; };
		CE65E07D19348BF400D3BBC7 /* photo-09.jpg in Resources */ = {isa = PBXBuildFile; fileRef = CE65E06919348BF400D3BBC7 /* photo-09.jpg */; };
		CE65E07E19348BF400D3BBC7 /* photo-10.jpg in Resources */ = {isa = PBXBuildFile; fileRef = CE65E06A19348BF400D3BBC7 /* photo-10.jpg */; };
		CE65E07F19348BF400D3BBC7 /* photo-11.jpg in Resources */ = {isa = PBXBuildFile; fileRef = CE65E06B19348BF400D3BBC7 /* photo-11.jpg */; };
		CE65E08019348BF400D3BBC7 /* photo-12.jpg in Resources */ = {isa = PBXBuildFile; fileRef = CE65E06C19348BF400D3BBC7 /* photo-12.jpg */; };
		CE65E08119348BF400D3BBC7 /* photo-13.jpg in Resources */ = {isa = PBXBuildFile; fileRef = CE65E06D19348BF400D3BBC7 /* photo-13.jpg */; };
		CE65E08219348BF400D3BBC7 /* photo-14.jpg in Resources */ = {isa = PBXBuildFile; fileRef = CE65E06E19348BF400D3BBC7 /* photo-14.jpg */; };
		CE65E08319348BF400D3BBC7 /* photo-15.jpg in Resources */ = {isa = PBXBuildFile; fileRef = CE65E06F19348BF400D3BBC7 /* photo-15.jpg */; };
		CE65E08419348BF400D3BBC7 /* photo-16.jpg in Resources */ = {isa = PBXBuildFile; fileRef = CE65E07019348BF400D3BBC7 /* photo-16.jpg */; };
		CE65E08519348BF400D3BBC7 /* photo-17.jpg in Resources */ = {isa = PBXBuildFile; fileRef = CE65E07119348BF400D3BBC7 /* photo-17.jpg */; };
		CE65E08619348BF400D3BBC7 /* photo-18.jpg in Resources */ = {isa = PBXBuildFile; fileRef = CE65E07219348BF400D3BBC7 /* photo-18.jpg */; };
		CE65E08719348BF400D3BBC7 /* photo-19.jpg in Resources */ = {isa = PBXBuildFile; fileRef = CE65E07319348BF400D3BBC7 /* photo-19.jpg */; };
		CE65E08819348BF400D3BBC7 /* photo-20.jpg in Resources */ = {isa = PBXBuildFile; fileRef = CE65E07419348BF400D3BBC7 /* photo-20.jpg */; };
		CE7CF84D193353D90027C76F /* Foundation.framework in Frameworks */ = {isa = PBXBuildFile; fileRef = CE7CF84C193353D90027C76F /* Foundation.framework */; };
		CE7CF84F193353D90027C76F /* CoreGraphics.framework in Frameworks */ = {isa = PBXBuildFile; fileRef = CE7CF84E193353D90027C76F /* CoreGraphics.framework */; };
		CE7CF851193353D90027C76F /* UIKit.framework in Frameworks */ = {isa = PBXBuildFile; fileRef = CE7CF850193353D90027C76F /* UIKit.framework */; };
		CE7CF857193353D90027C76F /* InfoPlist.strings in Resources */ = {isa = PBXBuildFile; fileRef = CE7CF855193353D90027C76F /* InfoPlist.strings */; };
		CE7CF859193353D90027C76F /* main.m in Sources */ = {isa = PBXBuildFile; fileRef = CE7CF858193353D90027C76F /* main.m */; };
		CE7CF85D193353D90027C76F /* STPAppDelegate.m in Sources */ = {isa = PBXBuildFile; fileRef = CE7CF85C193353D90027C76F /* STPAppDelegate.m */; };
		CE7CF860193353D90027C76F /* Main_iPhone.storyboard in Resources */ = {isa = PBXBuildFile; fileRef = CE7CF85E193353D90027C76F /* Main_iPhone.storyboard */; };
		CE7CF863193353D90027C76F /* Main_iPad.storyboard in Resources */ = {isa = PBXBuildFile; fileRef = CE7CF861193353D90027C76F /* Main_iPad.storyboard */; };
		CE7CF866193353D90027C76F /* STPViewController.m in Sources */ = {isa = PBXBuildFile; fileRef = CE7CF865193353D90027C76F /* STPViewController.m */; settings = {COMPILER_FLAGS = "-fno-objc-arc"; }; };
		CE7CF868193353D90027C76F /* Images.xcassets in Resources */ = {isa = PBXBuildFile; fileRef = CE7CF867193353D90027C76F /* Images.xcassets */; };
		CE7CF86F193353D90027C76F /* XCTest.framework in Frameworks */ = {isa = PBXBuildFile; fileRef = CE7CF86E193353D90027C76F /* XCTest.framework */; };
		CE7CF870193353D90027C76F /* Foundation.framework in Frameworks */ = {isa = PBXBuildFile; fileRef = CE7CF84C193353D90027C76F /* Foundation.framework */; };
		CE7CF871193353D90027C76F /* UIKit.framework in Frameworks */ = {isa = PBXBuildFile; fileRef = CE7CF850193353D90027C76F /* UIKit.framework */; };
		CE7CF879193353D90027C76F /* InfoPlist.strings in Resources */ = {isa = PBXBuildFile; fileRef = CE7CF877193353D90027C76F /* InfoPlist.strings */; };
		CE7CF87B193353D90027C76F /* ImagierTests.m in Sources */ = {isa = PBXBuildFile; fileRef = CE7CF87A193353D90027C76F /* ImagierTests.m */; };
		CEF5C4FE1933866000393346 /* fond-1024x1024.jpg in Resources */ = {isa = PBXBuildFile; fileRef = CEF5C4FB1933866000393346 /* fond-1024x1024.jpg */; };
		CEF5C4FF1933866000393346 /* fond-1136x1136.jpg in Resources */ = {isa = PBXBuildFile; fileRef = CEF5C4FC1933866000393346 /* fond-1136x1136.jpg */; };
		CEF5C5001933866000393346 /* fond-2048x2048.jpg in Resources */ = {isa = PBXBuildFile; fileRef = CEF5C4FD1933866000393346 /* fond-2048x2048.jpg */; };
/* End PBXBuildFile section */

/* Begin PBXContainerItemProxy section */
		CE7CF872193353D90027C76F /* PBXContainerItemProxy */ = {
			isa = PBXContainerItemProxy;
			containerPortal = CE7CF841193353D90027C76F /* Project object */;
			proxyType = 1;
			remoteGlobalIDString = CE7CF848193353D90027C76F;
			remoteInfo = Imagier;
		};
/* End PBXContainerItemProxy section */

/* Begin PBXFileReference section */
		CE57D72B19335571008F9903 /* STPImagierView.h */ = {isa = PBXFileReference; fileEncoding = 4; lastKnownFileType = sourcecode.c.h; path = STPImagierView.h; sourceTree = "<group>"; };
		CE57D72C19335571008F9903 /* STPImagierView.m */ = {isa = PBXFileReference; fileEncoding = 4; lastKnownFileType = sourcecode.c.objc; path = STPImagierView.m; sourceTree = "<group>"; };
		CE57D72E19335649008F9903 /* STPLayoutConstraintBuilder.h */ = {isa = PBXFileReference; fileEncoding = 4; lastKnownFileType = sourcecode.c.h; path = STPLayoutConstraintBuilder.h; sourceTree = "<group>"; };
		CE57D72F19335649008F9903 /* STPLayoutConstraintBuilder.m */ = {isa = PBXFileReference; fileEncoding = 4; lastKnownFileType = sourcecode.c.objc; path = STPLayoutConstraintBuilder.m; sourceTree = "<group>"; };
		CE65E06119348BF400D3BBC7 /* photo-01.jpg */ = {isa = PBXFileReference; lastKnownFileType = image.jpeg; path = "photo-01.jpg"; sourceTree = "<group>"; };
		CE65E06219348BF400D3BBC7 /* photo-02.jpg */ = {isa = PBXFileReference; lastKnownFileType = image.jpeg; path = "photo-02.jpg"; sourceTree = "<group>"; };
		CE65E06319348BF400D3BBC7 /* photo-03.jpg */ = {isa = PBXFileReference; lastKnownFileType = image.jpeg; path = "photo-03.jpg"; sourceTree = "<group>"; };
		CE65E06419348BF400D3BBC7 /* photo-04.jpg */ = {isa = PBXFileReference; lastKnownFileType = image.jpeg; path = "photo-04.jpg"; sourceTree = "<group>"; };
		CE65E06519348BF400D3BBC7 /* photo-05.jpg */ = {isa = PBXFileReference; lastKnownFileType = image.jpeg; path = "photo-05.jpg"; sourceTree = "<group>"; };
		CE65E06619348BF400D3BBC7 /* photo-06.jpg */ = {isa = PBXFileReference; lastKnownFileType = image.jpeg; path = "photo-06.jpg"; sourceTree = "<group>"; };
		CE65E06719348BF400D3BBC7 /* photo-07.jpg */ = {isa = PBXFileReference; lastKnownFileType = image.jpeg; path = "photo-07.jpg"; sourceTree = "<group>"; };
		CE65E06819348BF400D3BBC7 /* photo-08.jpg */ = {isa = PBXFileReference; lastKnownFileType = image.jpeg; path = "photo-08.jpg"; sourceTree = "<group>"; };
		CE65E06919348BF400D3BBC7 /* photo-09.jpg */ = {isa = PBXFileReference; lastKnownFileType = image.jpeg; path = "photo-09.jpg"; sourceTree = "<group>"; };
		CE65E06A19348BF400D3BBC7 /* photo-10.jpg */ = {isa = PBXFileReference; lastKnownFileType = image.jpeg; path = "photo-10.jpg"; sourceTree = "<group>"; };
		CE65E06B19348BF400D3BBC7 /* photo-11.jpg */ = {isa = PBXFileReference; lastKnownFileType = image.jpeg; path = "photo-11.jpg"; sourceTree = "<group>"; };
		CE65E06C19348BF400D3BBC7 /* photo-12.jpg */ = {isa = PBXFileReference; lastKnownFileType = image.jpeg; path = "photo-12.jpg"; sourceTree = "<group>"; };
		CE65E06D19348BF400D3BBC7 /* photo-13.jpg */ = {isa = PBXFileReference; lastKnownFileType = image.jpeg; path = "photo-13.jpg"; sourceTree = "<group>"; };
		CE65E06E19348BF400D3BBC7 /* photo-14.jpg */ = {isa = PBXFileReference; lastKnownFileType = image.jpeg; path = "photo-14.jpg"; sourceTree = "<group>"; };
		CE65E06F19348BF400D3BBC7 /* photo-15.jpg */ = {isa = PBXFileReference; lastKnownFileType = image.jpeg; path = "photo-15.jpg"; sourceTree = "<group>"; };
		CE65E07019348BF400D3BBC7 /* photo-16.jpg */ = {isa = PBXFileReference; lastKnownFileType = image.jpeg; path = "photo-16.jpg"; sourceTree = "<group>"; };
		CE65E07119348BF400D3BBC7 /* photo-17.jpg */ = {isa = PBXFileReference; lastKnownFileType = image.jpeg; path = "photo-17.jpg"; sourceTree = "<group>"; };
		CE65E07219348BF400D3BBC7 /* photo-18.jpg */ = {isa = PBXFileReference; lastKnownFileType = image.jpeg; path = "photo-18.jpg"; sourceTree = "<group>"; };
		CE65E07319348BF400D3BBC7 /* photo-19.jpg */ = {isa = PBXFileReference; lastKnownFileType = image.jpeg; path = "photo-19.jpg"; sourceTree = "<group>"; };
		CE65E07419348BF400D3BBC7 /* photo-20.jpg */ = {isa = PBXFileReference; lastKnownFileType = image.jpeg; path = "photo-20.jpg"; sourceTree = "<group>"; };
		CE7CF849193353D90027C76F /* Imagier.app */ = {isa = PBXFileReference; explicitFileType = wrapper.application; includeInIndex = 0; path = Imagier.app; sourceTree = BUILT_PRODUCTS_DIR; };
		CE7CF84C193353D90027C76F /* Foundation.framework */ = {isa = PBXFileReference; lastKnownFileType = wrapper.framework; name = Foundation.framework; path = System/Library/Frameworks/Foundation.framework; sourceTree = SDKROOT; };
		CE7CF84E193353D90027C76F /* CoreGraphics.framework */ = {isa = PBXFileReference; lastKnownFileType = wrapper.framework; name = CoreGraphics.framework; path = System/Library/Frameworks/CoreGraphics.framework; sourceTree = SDKROOT; };
		CE7CF850193353D90027C76F /* UIKit.framework */ = {isa = PBXFileReference; lastKnownFileType = wrapper.framework; name = UIKit.framework; path = System/Library/Frameworks/UIKit.framework; sourceTree = SDKROOT; };
		CE7CF854193353D90027C76F /* Imagier-Info.plist */ = {isa = PBXFileReference; lastKnownFileType = text.plist.xml; path = "Imagier-Info.plist"; sourceTree = "<group>"; };
		CE7CF856193353D90027C76F /* en */ = {isa = PBXFileReference; lastKnownFileType = text.plist.strings; name = en; path = en.lproj/InfoPlist.strings; sourceTree = "<group>"; };
		CE7CF858193353D90027C76F /* main.m */ = {isa = PBXFileReference; lastKnownFileType = sourcecode.c.objc; path = main.m; sourceTree = "<group>"; };
		CE7CF85A193353D90027C76F /* Imagier-Prefix.pch */ = {isa = PBXFileReference; lastKnownFileType = sourcecode.c.h; path = "Imagier-Prefix.pch"; sourceTree = "<group>"; };
		CE7CF85B193353D90027C76F /* STPAppDelegate.h */ = {isa = PBXFileReference; lastKnownFileType = sourcecode.c.h; path = STPAppDelegate.h; sourceTree = "<group>"; };
		CE7CF85C193353D90027C76F /* STPAppDelegate.m */ = {isa = PBXFileReference; lastKnownFileType = sourcecode.c.objc; path = STPAppDelegate.m; sourceTree = "<group>"; };
		CE7CF85F193353D90027C76F /* Base */ = {isa = PBXFileReference; lastKnownFileType = file.storyboard; name = Base; path = Base.lproj/Main_iPhone.storyboard; sourceTree = "<group>"; };
		CE7CF862193353D90027C76F /* Base */ = {isa = PBXFileReference; lastKnownFileType = file.storyboard; name = Base; path = Base.lproj/Main_iPad.storyboard; sourceTree = "<group>"; };
		CE7CF864193353D90027C76F /* STPViewController.h */ = {isa = PBXFileReference; lastKnownFileType = sourcecode.c.h; path = STPViewController.h; sourceTree = "<group>"; };
		CE7CF865193353D90027C76F /* STPViewController.m */ = {isa = PBXFileReference; lastKnownFileType = sourcecode.c.objc; path = STPViewController.m; sourceTree = "<group>"; };
		CE7CF867193353D90027C76F /* Images.xcassets */ = {isa = PBXFileReference; lastKnownFileType = folder.assetcatalog; path = Images.xcassets; sourceTree = "<group>"; };
		CE7CF86D193353D90027C76F /* ImagierTests.xctest */ = {isa = PBXFileReference; explicitFileType = wrapper.cfbundle; includeInIndex = 0; path = ImagierTests.xctest; sourceTree = BUILT_PRODUCTS_DIR; };
		CE7CF86E193353D90027C76F /* XCTest.framework */ = {isa = PBXFileReference; lastKnownFileType = wrapper.framework; name = XCTest.framework; path = Library/Frameworks/XCTest.framework; sourceTree = DEVELOPER_DIR; };
		CE7CF876193353D90027C76F /* ImagierTests-Info.plist */ = {isa = PBXFileReference; lastKnownFileType = text.plist.xml; path = "ImagierTests-Info.plist"; sourceTree = "<group>"; };
		CE7CF878193353D90027C76F /* en */ = {isa = PBXFileReference; lastKnownFileType = text.plist.strings; name = en; path = en.lproj/InfoPlist.strings; sourceTree = "<group>"; };
		CE7CF87A193353D90027C76F /* ImagierTests.m */ = {isa = PBXFileReference; lastKnownFileType = sourcecode.c.objc; path = ImagierTests.m; sourceTree = "<group>"; };
		CEF5C4FB1933866000393346 /* fond-1024x1024.jpg */ = {isa = PBXFileReference; lastKnownFileType = image.jpeg; path = "fond-1024x1024.jpg"; sourceTree = "<group>"; };
		CEF5C4FC1933866000393346 /* fond-1136x1136.jpg */ = {isa = PBXFileReference; lastKnownFileType = image.jpeg; path = "fond-1136x1136.jpg"; sourceTree = "<group>"; };
		CEF5C4FD1933866000393346 /* fond-2048x2048.jpg */ = {isa = PBXFileReference; lastKnownFileType = image.jpeg; path = "fond-2048x2048.jpg"; sourceTree = "<group>"; };
/* End PBXFileReference section */

/* Begin PBXFrameworksBuildPhase section */
		CE7CF846193353D90027C76F /* Frameworks */ = {
			isa = PBXFrameworksBuildPhase;
			buildActionMask = 2147483647;
			files = (
				CE7CF84F193353D90027C76F /* CoreGraphics.framework in Frameworks */,
				CE7CF851193353D90027C76F /* UIKit.framework in Frameworks */,
				CE7CF84D193353D90027C76F /* Foundation.framework in Frameworks */,
			);
			runOnlyForDeploymentPostprocessing = 0;
		};
		CE7CF86A193353D90027C76F /* Frameworks */ = {
			isa = PBXFrameworksBuildPhase;
			buildActionMask = 2147483647;
			files = (
				CE7CF86F193353D90027C76F /* XCTest.framework in Frameworks */,
				CE7CF871193353D90027C76F /* UIKit.framework in Frameworks */,
				CE7CF870193353D90027C76F /* Foundation.framework in Frameworks */,
			);
			runOnlyForDeploymentPostprocessing = 0;
		};
/* End PBXFrameworksBuildPhase section */

/* Begin PBXGroup section */
		CE65E06019348BAF00D3BBC7 /* pictures */ = {
			isa = PBXGroup;
			children = (
				CE65E06119348BF400D3BBC7 /* photo-01.jpg */,
				CE65E06219348BF400D3BBC7 /* photo-02.jpg */,
				CE65E06319348BF400D3BBC7 /* photo-03.jpg */,
				CE65E06419348BF400D3BBC7 /* photo-04.jpg */,
				CE65E06519348BF400D3BBC7 /* photo-05.jpg */,
				CE65E06619348BF400D3BBC7 /* photo-06.jpg */,
				CE65E06719348BF400D3BBC7 /* photo-07.jpg */,
				CE65E06819348BF400D3BBC7 /* photo-08.jpg */,
				CE65E06919348BF400D3BBC7 /* photo-09.jpg */,
				CE65E06A19348BF400D3BBC7 /* photo-10.jpg */,
				CE65E06B19348BF400D3BBC7 /* photo-11.jpg */,
				CE65E06C19348BF400D3BBC7 /* photo-12.jpg */,
				CE65E06D19348BF400D3BBC7 /* photo-13.jpg */,
				CE65E06E19348BF400D3BBC7 /* photo-14.jpg */,
				CE65E06F19348BF400D3BBC7 /* photo-15.jpg */,
				CE65E07019348BF400D3BBC7 /* photo-16.jpg */,
				CE65E07119348BF400D3BBC7 /* photo-17.jpg */,
				CE65E07219348BF400D3BBC7 /* photo-18.jpg */,
				CE65E07319348BF400D3BBC7 /* photo-19.jpg */,
				CE65E07419348BF400D3BBC7 /* photo-20.jpg */,
			);
			name = pictures;
			sourceTree = "<group>";
		};
		CE7CF840193353D90027C76F = {
			isa = PBXGroup;
			children = (
				CE7CF852193353D90027C76F /* Imagier */,
				CE7CF874193353D90027C76F /* ImagierTests */,
				CE7CF84B193353D90027C76F /* Frameworks */,
				CE7CF84A193353D90027C76F /* Products */,
			);
			sourceTree = "<group>";
		};
		CE7CF84A193353D90027C76F /* Products */ = {
			isa = PBXGroup;
			children = (
				CE7CF849193353D90027C76F /* Imagier.app */,
				CE7CF86D193353D90027C76F /* ImagierTests.xctest */,
			);
			name = Products;
			sourceTree = "<group>";
		};
		CE7CF84B193353D90027C76F /* Frameworks */ = {
			isa = PBXGroup;
			children = (
				CE7CF84C193353D90027C76F /* Foundation.framework */,
				CE7CF84E193353D90027C76F /* CoreGraphics.framework */,
				CE7CF850193353D90027C76F /* UIKit.framework */,
				CE7CF86E193353D90027C76F /* XCTest.framework */,
			);
			name = Frameworks;
			sourceTree = "<group>";
		};
		CE7CF852193353D90027C76F /* Imagier */ = {
			isa = PBXGroup;
			children = (
				CE7CF85B193353D90027C76F /* STPAppDelegate.h */,
				CE7CF85C193353D90027C76F /* STPAppDelegate.m */,
				CE7CF85E193353D90027C76F /* Main_iPhone.storyboard */,
				CE7CF861193353D90027C76F /* Main_iPad.storyboard */,
				CE7CF864193353D90027C76F /* STPViewController.h */,
				CE7CF865193353D90027C76F /* STPViewController.m */,
				CEF5C5011933866B00393346 /* images */,
				CE57D72B19335571008F9903 /* STPImagierView.h */,
				CE57D72C19335571008F9903 /* STPImagierView.m */,
				CE57D72E19335649008F9903 /* STPLayoutConstraintBuilder.h */,
				CE57D72F19335649008F9903 /* STPLayoutConstraintBuilder.m */,
				CE7CF867193353D90027C76F /* Images.xcassets */,
				CE7CF853193353D90027C76F /* Supporting Files */,
			);
			path = Imagier;
			sourceTree = "<group>";
		};
		CE7CF853193353D90027C76F /* Supporting Files */ = {
			isa = PBXGroup;
			children = (
				CE7CF854193353D90027C76F /* Imagier-Info.plist */,
				CE7CF855193353D90027C76F /* InfoPlist.strings */,
				CE7CF858193353D90027C76F /* main.m */,
				CE7CF85A193353D90027C76F /* Imagier-Prefix.pch */,
			);
			name = "Supporting Files";
			sourceTree = "<group>";
		};
		CE7CF874193353D90027C76F /* ImagierTests */ = {
			isa = PBXGroup;
			children = (
				CE7CF87A193353D90027C76F /* ImagierTests.m */,
				CE7CF875193353D90027C76F /* Supporting Files */,
			);
			path = ImagierTests;
			sourceTree = "<group>";
		};
		CE7CF875193353D90027C76F /* Supporting Files */ = {
			isa = PBXGroup;
			children = (
				CE7CF876193353D90027C76F /* ImagierTests-Info.plist */,
				CE7CF877193353D90027C76F /* InfoPlist.strings */,
			);
			name = "Supporting Files";
			sourceTree = "<group>";
		};
		CEF5C5011933866B00393346 /* images */ = {
			isa = PBXGroup;
			children = (
				CE65E06019348BAF00D3BBC7 /* pictures */,
				CEF5C5021933867E00393346 /* bg */,
			);
			name = images;
			sourceTree = "<group>";
		};
		CEF5C5021933867E00393346 /* bg */ = {
			isa = PBXGroup;
			children = (
				CEF5C4FB1933866000393346 /* fond-1024x1024.jpg */,
				CEF5C4FC1933866000393346 /* fond-1136x1136.jpg */,
				CEF5C4FD1933866000393346 /* fond-2048x2048.jpg */,
			);
			name = bg;
			sourceTree = "<group>";
		};
/* End PBXGroup section */

/* Begin PBXNativeTarget section */
		CE7CF848193353D90027C76F /* Imagier */ = {
			isa = PBXNativeTarget;
			buildConfigurationList = CE7CF87E193353D90027C76F /* Build configuration list for PBXNativeTarget "Imagier" */;
			buildPhases = (
				CE7CF845193353D90027C76F /* Sources */,
				CE7CF846193353D90027C76F /* Frameworks */,
				CE7CF847193353D90027C76F /* Resources */,
			);
			buildRules = (
			);
			dependencies = (
			);
			name = Imagier;
			productName = Imagier;
			productReference = CE7CF849193353D90027C76F /* Imagier.app */;
			productType = "com.apple.product-type.application";
		};
		CE7CF86C193353D90027C76F /* ImagierTests */ = {
			isa = PBXNativeTarget;
			buildConfigurationList = CE7CF881193353D90027C76F /* Build configuration list for PBXNativeTarget "ImagierTests" */;
			buildPhases = (
				CE7CF869193353D90027C76F /* Sources */,
				CE7CF86A193353D90027C76F /* Frameworks */,
				CE7CF86B193353D90027C76F /* Resources */,
			);
			buildRules = (
			);
			dependencies = (
				CE7CF873193353D90027C76F /* PBXTargetDependency */,
			);
			name = ImagierTests;
			productName = ImagierTests;
			productReference = CE7CF86D193353D90027C76F /* ImagierTests.xctest */;
			productType = "com.apple.product-type.bundle.unit-test";
		};
/* End PBXNativeTarget section */

/* Begin PBXProject section */
		CE7CF841193353D90027C76F /* Project object */ = {
			isa = PBXProject;
			attributes = {
				CLASSPREFIX = STP;
				LastUpgradeCheck = 0510;
				ORGANIZATIONNAME = SaveThePlan;
				TargetAttributes = {
					CE7CF86C193353D90027C76F = {
						TestTargetID = CE7CF848193353D90027C76F;
					};
				};
			};
			buildConfigurationList = CE7CF844193353D90027C76F /* Build configuration list for PBXProject "Imagier" */;
			compatibilityVersion = "Xcode 3.2";
			developmentRegion = English;
			hasScannedForEncodings = 0;
			knownRegions = (
				en,
				Base,
			);
			mainGroup = CE7CF840193353D90027C76F;
			productRefGroup = CE7CF84A193353D90027C76F /* Products */;
			projectDirPath = "";
			projectRoot = "";
			targets = (
				CE7CF848193353D90027C76F /* Imagier */,
				CE7CF86C193353D90027C76F /* ImagierTests */,
			);
		};
/* End PBXProject section */

/* Begin PBXResourcesBuildPhase section */
		CE7CF847193353D90027C76F /* Resources */ = {
			isa = PBXResourcesBuildPhase;
			buildActionMask = 2147483647;
			files = (
				CE65E08019348BF400D3BBC7 /* photo-12.jpg in Resources */,
				CE7CF863193353D90027C76F /* Main_iPad.storyboard in Resources */,
				CE65E07B19348BF400D3BBC7 /* photo-07.jpg in Resources */,
				CEF5C4FF1933866000393346 /* fond-1136x1136.jpg in Resources */,
				CEF5C5001933866000393346 /* fond-2048x2048.jpg in Resources */,
				CE65E07F19348BF400D3BBC7 /* photo-11.jpg in Resources */,
				CE65E07719348BF400D3BBC7 /* photo-03.jpg in Resources */,
				CE65E08219348BF400D3BBC7 /* photo-14.jpg in Resources */,
				CE65E07819348BF400D3BBC7 /* photo-04.jpg in Resources */,
				CE65E07519348BF400D3BBC7 /* photo-01.jpg in Resources */,
				CE65E08519348BF400D3BBC7 /* photo-17.jpg in Resources */,
				CE65E07619348BF400D3BBC7 /* photo-02.jpg in Resources */,
				CE65E08719348BF400D3BBC7 /* photo-19.jpg in Resources */,
				CE65E08819348BF400D3BBC7 /* photo-20.jpg in Resources */,
				CE65E07919348BF400D3BBC7 /* photo-05.jpg in Resources */,
				CE65E08619348BF400D3BBC7 /* photo-18.jpg in Resources */,
				CE65E08419348BF400D3BBC7 /* photo-16.jpg in Resources */,
				CE65E08319348BF400D3BBC7 /* photo-15.jpg in Resources */,
				CE7CF868193353D90027C76F /* Images.xcassets in Resources */,
				CE65E07E19348BF400D3BBC7 /* photo-10.jpg in Resources */,
				CE7CF860193353D90027C76F /* Main_iPhone.storyboard in Resources */,
				CE65E07D19348BF400D3BBC7 /* photo-09.jpg in Resources */,
				CE7CF857193353D90027C76F /* InfoPlist.strings in Resources */,
				CEF5C4FE1933866000393346 /* fond-1024x1024.jpg in Resources */,
				CE65E07C19348BF400D3BBC7 /* photo-08.jpg in Resources */,
				CE65E08119348BF400D3BBC7 /* photo-13.jpg in Resources */,
				CE65E07A19348BF400D3BBC7 /* photo-06.jpg in Resources */,
			);
			runOnlyForDeploymentPostprocessing = 0;
		};
		CE7CF86B193353D90027C76F /* Resources */ = {
			isa = PBXResourcesBuildPhase;
			buildActionMask = 2147483647;
			files = (
				CE7CF879193353D90027C76F /* InfoPlist.strings in Resources */,
			);
			runOnlyForDeploymentPostprocessing = 0;
		};
/* End PBXResourcesBuildPhase section */

/* Begin PBXSourcesBuildPhase section */
		CE7CF845193353D90027C76F /* Sources */ = {
			isa = PBXSourcesBuildPhase;
			buildActionMask = 2147483647;
			files = (
				CE7CF85D193353D90027C76F /* STPAppDelegate.m in Sources */,
				CE57D73219335649008F9903 /* STPLayoutConstraintBuilder.m in Sources */,
				CE7CF859193353D90027C76F /* main.m in Sources */,
				CE7CF866193353D90027C76F /* STPViewController.m in Sources */,
				CE57D72D19335571008F9903 /* STPImagierView.m in Sources */,
			);
			runOnlyForDeploymentPostprocessing = 0;
		};
		CE7CF869193353D90027C76F /* Sources */ = {
			isa = PBXSourcesBuildPhase;
			buildActionMask = 2147483647;
			files = (
				CE7CF87B193353D90027C76F /* ImagierTests.m in Sources */,
			);
			runOnlyForDeploymentPostprocessing = 0;
		};
/* End PBXSourcesBuildPhase section */

/* Begin PBXTargetDependency section */
		CE7CF873193353D90027C76F /* PBXTargetDependency */ = {
			isa = PBXTargetDependency;
			target = CE7CF848193353D90027C76F /* Imagier */;
			targetProxy = CE7CF872193353D90027C76F /* PBXContainerItemProxy */;
		};
/* End PBXTargetDependency section */

/* Begin PBXVariantGroup section */
		CE7CF855193353D90027C76F /* InfoPlist.strings */ = {
			isa = PBXVariantGroup;
			children = (
				CE7CF856193353D90027C76F /* en */,
			);
			name = InfoPlist.strings;
			sourceTree = "<group>";
		};
		CE7CF85E193353D90027C76F /* Main_iPhone.storyboard */ = {
			isa = PBXVariantGroup;
			children = (
				CE7CF85F193353D90027C76F /* Base */,
			);
			name = Main_iPhone.storyboard;
			sourceTree = "<group>";
		};
		CE7CF861193353D90027C76F /* Main_iPad.storyboard */ = {
			isa = PBXVariantGroup;
			children = (
				CE7CF862193353D90027C76F /* Base */,
			);
			name = Main_iPad.storyboard;
			sourceTree = "<group>";
		};
		CE7CF877193353D90027C76F /* InfoPlist.strings */ = {
			isa = PBXVariantGroup;
			children = (
				CE7CF878193353D90027C76F /* en */,
			);
			name = InfoPlist.strings;
			sourceTree = "<group>";
		};
/* End PBXVariantGroup section */

/* Begin XCBuildConfiguration section */
		CE7CF87C193353D90027C76F /* Debug */ = {
			isa = XCBuildConfiguration;
			buildSettings = {
				ALWAYS_SEARCH_USER_PATHS = NO;
				CLANG_CXX_LANGUAGE_STANDARD = "gnu++0x";
				CLANG_CXX_LIBRARY = "libc++";
				CLANG_ENABLE_MODULES = YES;
				CLANG_ENABLE_OBJC_ARC = YES;
				CLANG_WARN_BOOL_CONVERSION = YES;
				CLANG_WARN_CONSTANT_CONVERSION = YES;
				CLANG_WARN_DIRECT_OBJC_ISA_USAGE = YES_ERROR;
				CLANG_WARN_EMPTY_BODY = YES;
				CLANG_WARN_ENUM_CONVERSION = YES;
				CLANG_WARN_INT_CONVERSION = YES;
				CLANG_WARN_OBJC_ROOT_CLASS = YES_ERROR;
				CLANG_WARN__DUPLICATE_METHOD_MATCH = YES;
				"CODE_SIGN_IDENTITY[sdk=iphoneos*]" = "iPhone Developer";
				COPY_PHASE_STRIP = NO;
				GCC_C_LANGUAGE_STANDARD = gnu99;
				GCC_DYNAMIC_NO_PIC = NO;
				GCC_OPTIMIZATION_LEVEL = 0;
				GCC_PREPROCESSOR_DEFINITIONS = (
					"DEBUG=1",
					"$(inherited)",
				);
				GCC_SYMBOLS_PRIVATE_EXTERN = NO;
				GCC_WARN_64_TO_32_BIT_CONVERSION = YES;
				GCC_WARN_ABOUT_RETURN_TYPE = YES_ERROR;
				GCC_WARN_UNDECLARED_SELECTOR = YES;
				GCC_WARN_UNINITIALIZED_AUTOS = YES_AGGRESSIVE;
				GCC_WARN_UNUSED_FUNCTION = YES;
				GCC_WARN_UNUSED_VARIABLE = YES;
				IPHONEOS_DEPLOYMENT_TARGET = 7.1;
				ONLY_ACTIVE_ARCH = YES;
				SDKROOT = iphoneos;
				TARGETED_DEVICE_FAMILY = "1,2";
			};
			name = Debug;
		};
		CE7CF87D193353D90027C76F /* Release */ = {
			isa = XCBuildConfiguration;
			buildSettings = {
				ALWAYS_SEARCH_USER_PATHS = NO;
				CLANG_CXX_LANGUAGE_STANDARD = "gnu++0x";
				CLANG_CXX_LIBRARY = "libc++";
				CLANG_ENABLE_MODULES = YES;
				CLANG_ENABLE_OBJC_ARC = YES;
				CLANG_WARN_BOOL_CONVERSION = YES;
				CLANG_WARN_CONSTANT_CONVERSION = YES;
				CLANG_WARN_DIRECT_OBJC_ISA_USAGE = YES_ERROR;
				CLANG_WARN_EMPTY_BODY = YES;
				CLANG_WARN_ENUM_CONVERSION = YES;
				CLANG_WARN_INT_CONVERSION = YES;
				CLANG_WARN_OBJC_ROOT_CLASS = YES_ERROR;
				CLANG_WARN__DUPLICATE_METHOD_MATCH = YES;
				"CODE_SIGN_IDENTITY[sdk=iphoneos*]" = "iPhone Developer";
				COPY_PHASE_STRIP = YES;
				ENABLE_NS_ASSERTIONS = NO;
				GCC_C_LANGUAGE_STANDARD = gnu99;
				GCC_WARN_64_TO_32_BIT_CONVERSION = YES;
				GCC_WARN_ABOUT_RETURN_TYPE = YES_ERROR;
				GCC_WARN_UNDECLARED_SELECTOR = YES;
				GCC_WARN_UNINITIALIZED_AUTOS = YES_AGGRESSIVE;
				GCC_WARN_UNUSED_FUNCTION = YES;
				GCC_WARN_UNUSED_VARIABLE = YES;
				IPHONEOS_DEPLOYMENT_TARGET = 7.1;
				SDKROOT = iphoneos;
				TARGETED_DEVICE_FAMILY = "1,2";
				VALIDATE_PRODUCT = YES;
			};
			name = Release;
		};
		CE7CF87F193353D90027C76F /* Debug */ = {
			isa = XCBuildConfiguration;
			buildSettings = {
				ASSETCATALOG_COMPILER_APPICON_NAME = AppIcon;
				ASSETCATALOG_COMPILER_LAUNCHIMAGE_NAME = LaunchImage;
				GCC_PRECOMPILE_PREFIX_HEADER = YES;
				GCC_PREFIX_HEADER = "Imagier/Imagier-Prefix.pch";
				INFOPLIST_FILE = "Imagier/Imagier-Info.plist";
				IPHONEOS_DEPLOYMENT_TARGET = 7.1;
				PRODUCT_NAME = "$(TARGET_NAME)";
				WRAPPER_EXTENSION = app;
			};
			name = Debug;
		};
		CE7CF880193353D90027C76F /* Release */ = {
			isa = XCBuildConfiguration;
			buildSettings = {
				ASSETCATALOG_COMPILER_APPICON_NAME = AppIcon;
				ASSETCATALOG_COMPILER_LAUNCHIMAGE_NAME = LaunchImage;
				GCC_PRECOMPILE_PREFIX_HEADER = YES;
				GCC_PREFIX_HEADER = "Imagier/Imagier-Prefix.pch";
				INFOPLIST_FILE = "Imagier/Imagier-Info.plist";
				IPHONEOS_DEPLOYMENT_TARGET = 7.1;
				PRODUCT_NAME = "$(TARGET_NAME)";
				WRAPPER_EXTENSION = app;
			};
			name = Release;
		};
		CE7CF882193353D90027C76F /* Debug */ = {
			isa = XCBuildConfiguration;
			buildSettings = {
				BUNDLE_LOADER = "$(BUILT_PRODUCTS_DIR)/Imagier.app/Imagier";
				FRAMEWORK_SEARCH_PATHS = (
					"$(SDKROOT)/Developer/Library/Frameworks",
					"$(inherited)",
					"$(DEVELOPER_FRAMEWORKS_DIR)",
				);
				GCC_PRECOMPILE_PREFIX_HEADER = YES;
				GCC_PREFIX_HEADER = "Imagier/Imagier-Prefix.pch";
				GCC_PREPROCESSOR_DEFINITIONS = (
					"DEBUG=1",
					"$(inherited)",
				);
				INFOPLIST_FILE = "ImagierTests/ImagierTests-Info.plist";
				PRODUCT_NAME = "$(TARGET_NAME)";
				TEST_HOST = "$(BUNDLE_LOADER)";
				WRAPPER_EXTENSION = xctest;
			};
			name = Debug;
		};
		CE7CF883193353D90027C76F /* Release */ = {
			isa = XCBuildConfiguration;
			buildSettings = {
				BUNDLE_LOADER = "$(BUILT_PRODUCTS_DIR)/Imagier.app/Imagier";
				FRAMEWORK_SEARCH_PATHS = (
					"$(SDKROOT)/Developer/Library/Frameworks",
					"$(inherited)",
					"$(DEVELOPER_FRAMEWORKS_DIR)",
				);
				GCC_PRECOMPILE_PREFIX_HEADER = YES;
				GCC_PREFIX_HEADER = "Imagier/Imagier-Prefix.pch";
				INFOPLIST_FILE = "ImagierTests/ImagierTests-Info.plist";
				PRODUCT_NAME = "$(TARGET_NAME)";
				TEST_HOST = "$(BUNDLE_LOADER)";
				WRAPPER_EXTENSION = xctest;
			};
			name = Release;
		};
/* End XCBuildConfiguration section */

/* Begin XCConfigurationList section */
		CE7CF844193353D90027C76F /* Build configuration list for PBXProject "Imagier" */ = {
			isa = XCConfigurationList;
			buildConfigurations = (
				CE7CF87C193353D90027C76F /* Debug */,
				CE7CF87D193353D90027C76F /* Release */,
			);
			defaultConfigurationIsVisible = 0;
			defaultConfigurationName = Release;
		};
		CE7CF87E193353D90027C76F /* Build configuration list for PBXNativeTarget "Imagier" */ = {
			isa = XCConfigurationList;
			buildConfigurations = (
				CE7CF87F193353D90027C76F /* Debug */,
				CE7CF880193353D90027C76F /* Release */,
			);
			defaultConfigurationIsVisible = 0;
			defaultConfigurationName = Release;
		};
		CE7CF881193353D90027C76F /* Build configuration list for PBXNativeTarget "ImagierTests" */ = {
			isa = XCConfigurationList;
			buildConfigurations = (
				CE7CF882193353D90027C76F /* Debug */,
				CE7CF883193353D90027C76F /* Release */,
			);
			defaultConfigurationIsVisible = 0;
			defaultConfigurationName = Release;
		};
/* End XCConfigurationList section */
	};
	rootObject = CE7CF841193353D90027C76F /* Project object */;
}
